
Microsoft Visual Studio Solution File, Format Version 12.00
# Visual Studio Version 17
VisualStudioVersion = 17.2.32630.192
MinimumVisualStudioVersion = 10.0.40219.1
Project("{FAE04EC0-301F-11D3-BF4B-00C04F79EFBC}") = "Projet DnD", "Projet DnD\Projet DnD.csproj", "{23CF1BC8-1589-41BA-AF87-FD8880ED7A33}"
EndProject
Global
	GlobalSection(SolutionConfigurationPlatforms) = preSolution
		Debug|Any CPU = Debug|Any CPU
		Release|Any CPU = Release|Any CPU
	EndGlobalSection
	GlobalSection(ProjectConfigurationPlatforms) = postSolution
		{23CF1BC8-1589-41BA-AF87-FD8880ED7A33}.Debug|Any CPU.ActiveCfg = Debug|Any CPU
		{23CF1BC8-1589-41BA-AF87-FD8880ED7A33}.Debug|Any CPU.Build.0 = Debug|Any CPU
		{23CF1BC8-1589-41BA-AF87-FD8880ED7A33}.Release|Any CPU.ActiveCfg = Release|Any CPU
		{23CF1BC8-1589-41BA-AF87-FD8880ED7A33}.Release|Any CPU.Build.0 = Release|Any CPU
	EndGlobalSection
	GlobalSection(SolutionProperties) = preSolution
		HideSolutionNode = FALSE
	EndGlobalSection
	GlobalSection(ExtensibilityGlobals) = postSolution
		SolutionGuid = {1D72A250-284C-4FC6-BA51-D92A6BDC3F78}
	EndGlobalSection
EndGlobal
